
Microsoft Visual Studio Solution File, Format Version 12.00
# Visual Studio Version 16
VisualStudioVersion = 16.0.30114.105
MinimumVisualStudioVersion = 10.0.40219.1
Project("{FAE04EC0-301F-11D3-BF4B-00C04F79EFBC}") = "Application", "api.application\Application.csproj", "{F8E977D2-B1DA-46D6-9ED3-5F79AD469B63}"
EndProject
Project("{FAE04EC0-301F-11D3-BF4B-00C04F79EFBC}") = "Domain", "api.domain\Domain.csproj", "{6CAE6040-CBF0-4789-8E2D-8EB386D55AAA}"
EndProject
Project("{FAE04EC0-301F-11D3-BF4B-00C04F79EFBC}") = "CrossCutting", "api.crosscutting\CrossCutting.csproj", "{0B086EC6-DCEC-4DB2-916D-32B0F67D8B21}"
EndProject
Project("{FAE04EC0-301F-11D3-BF4B-00C04F79EFBC}") = "data", "api.data\data.csproj", "{3D4E57E1-327B-4851-8160-D67E3B28D17A}"
EndProject
Project("{FAE04EC0-301F-11D3-BF4B-00C04F79EFBC}") = "service", "api.service\service.csproj", "{B3652D9B-C372-492A-B23B-EFDA9E3D5C32}"
EndProject
Global
	GlobalSection(SolutionConfigurationPlatforms) = preSolution
		Debug|Any CPU = Debug|Any CPU
		Debug|x64 = Debug|x64
		Debug|x86 = Debug|x86
		Release|Any CPU = Release|Any CPU
		Release|x64 = Release|x64
		Release|x86 = Release|x86
	EndGlobalSection
	GlobalSection(SolutionProperties) = preSolution
		HideSolutionNode = FALSE
	EndGlobalSection
	GlobalSection(ProjectConfigurationPlatforms) = postSolution
		{F8E977D2-B1DA-46D6-9ED3-5F79AD469B63}.Debug|Any CPU.ActiveCfg = Debug|Any CPU
		{F8E977D2-B1DA-46D6-9ED3-5F79AD469B63}.Debug|Any CPU.Build.0 = Debug|Any CPU
		{F8E977D2-B1DA-46D6-9ED3-5F79AD469B63}.Debug|x64.ActiveCfg = Debug|Any CPU
		{F8E977D2-B1DA-46D6-9ED3-5F79AD469B63}.Debug|x64.Build.0 = Debug|Any CPU
		{F8E977D2-B1DA-46D6-9ED3-5F79AD469B63}.Debug|x86.ActiveCfg = Debug|Any CPU
		{F8E977D2-B1DA-46D6-9ED3-5F79AD469B63}.Debug|x86.Build.0 = Debug|Any CPU
		{F8E977D2-B1DA-46D6-9ED3-5F79AD469B63}.Release|Any CPU.ActiveCfg = Release|Any CPU
		{F8E977D2-B1DA-46D6-9ED3-5F79AD469B63}.Release|Any CPU.Build.0 = Release|Any CPU
		{F8E977D2-B1DA-46D6-9ED3-5F79AD469B63}.Release|x64.ActiveCfg = Release|Any CPU
		{F8E977D2-B1DA-46D6-9ED3-5F79AD469B63}.Release|x64.Build.0 = Release|Any CPU
		{F8E977D2-B1DA-46D6-9ED3-5F79AD469B63}.Release|x86.ActiveCfg = Release|Any CPU
		{F8E977D2-B1DA-46D6-9ED3-5F79AD469B63}.Release|x86.Build.0 = Release|Any CPU
		{6CAE6040-CBF0-4789-8E2D-8EB386D55AAA}.Debug|Any CPU.ActiveCfg = Debug|Any CPU
		{6CAE6040-CBF0-4789-8E2D-8EB386D55AAA}.Debug|Any CPU.Build.0 = Debug|Any CPU
		{6CAE6040-CBF0-4789-8E2D-8EB386D55AAA}.Debug|x64.ActiveCfg = Debug|Any CPU
		{6CAE6040-CBF0-4789-8E2D-8EB386D55AAA}.Debug|x64.Build.0 = Debug|Any CPU
		{6CAE6040-CBF0-4789-8E2D-8EB386D55AAA}.Debug|x86.ActiveCfg = Debug|Any CPU
		{6CAE6040-CBF0-4789-8E2D-8EB386D55AAA}.Debug|x86.Build.0 = Debug|Any CPU
		{6CAE6040-CBF0-4789-8E2D-8EB386D55AAA}.Release|Any CPU.ActiveCfg = Release|Any CPU
		{6CAE6040-CBF0-4789-8E2D-8EB386D55AAA}.Release|Any CPU.Build.0 = Release|Any CPU
		{6CAE6040-CBF0-4789-8E2D-8EB386D55AAA}.Release|x64.ActiveCfg = Release|Any CPU
		{6CAE6040-CBF0-4789-8E2D-8EB386D55AAA}.Release|x64.Build.0 = Release|Any CPU
		{6CAE6040-CBF0-4789-8E2D-8EB386D55AAA}.Release|x86.ActiveCfg = Release|Any CPU
		{6CAE6040-CBF0-4789-8E2D-8EB386D55AAA}.Release|x86.Build.0 = Release|Any CPU
		{0B086EC6-DCEC-4DB2-916D-32B0F67D8B21}.Debug|Any CPU.ActiveCfg = Debug|Any CPU
		{0B086EC6-DCEC-4DB2-916D-32B0F67D8B21}.Debug|Any CPU.Build.0 = Debug|Any CPU
		{0B086EC6-DCEC-4DB2-916D-32B0F67D8B21}.Debug|x64.ActiveCfg = Debug|Any CPU
		{0B086EC6-DCEC-4DB2-916D-32B0F67D8B21}.Debug|x64.Build.0 = Debug|Any CPU
		{0B086EC6-DCEC-4DB2-916D-32B0F67D8B21}.Debug|x86.ActiveCfg = Debug|Any CPU
		{0B086EC6-DCEC-4DB2-916D-32B0F67D8B21}.Debug|x86.Build.0 = Debug|Any CPU
		{0B086EC6-DCEC-4DB2-916D-32B0F67D8B21}.Release|Any CPU.ActiveCfg = Release|Any CPU
		{0B086EC6-DCEC-4DB2-916D-32B0F67D8B21}.Release|Any CPU.Build.0 = Release|Any CPU
		{0B086EC6-DCEC-4DB2-916D-32B0F67D8B21}.Release|x64.ActiveCfg = Release|Any CPU
		{0B086EC6-DCEC-4DB2-916D-32B0F67D8B21}.Release|x64.Build.0 = Release|Any CPU
		{0B086EC6-DCEC-4DB2-916D-32B0F67D8B21}.Release|x86.ActiveCfg = Release|Any CPU
		{0B086EC6-DCEC-4DB2-916D-32B0F67D8B21}.Release|x86.Build.0 = Release|Any CPU
		{3D4E57E1-327B-4851-8160-D67E3B28D17A}.Debug|Any CPU.ActiveCfg = Debug|Any CPU
		{3D4E57E1-327B-4851-8160-D67E3B28D17A}.Debug|Any CPU.Build.0 = Debug|Any CPU
		{3D4E57E1-327B-4851-8160-D67E3B28D17A}.Debug|x64.ActiveCfg = Debug|Any CPU
		{3D4E57E1-327B-4851-8160-D67E3B28D17A}.Debug|x64.Build.0 = Debug|Any CPU
		{3D4E57E1-327B-4851-8160-D67E3B28D17A}.Debug|x86.ActiveCfg = Debug|Any CPU
		{3D4E57E1-327B-4851-8160-D67E3B28D17A}.Debug|x86.Build.0 = Debug|Any CPU
		{3D4E57E1-327B-4851-8160-D67E3B28D17A}.Release|Any CPU.ActiveCfg = Release|Any CPU
		{3D4E57E1-327B-4851-8160-D67E3B28D17A}.Release|Any CPU.Build.0 = Release|Any CPU
		{3D4E57E1-327B-4851-8160-D67E3B28D17A}.Release|x64.ActiveCfg = Release|Any CPU
		{3D4E57E1-327B-4851-8160-D67E3B28D17A}.Release|x64.Build.0 = Release|Any CPU
		{3D4E57E1-327B-4851-8160-D67E3B28D17A}.Release|x86.ActiveCfg = Release|Any CPU
		{3D4E57E1-327B-4851-8160-D67E3B28D17A}.Release|x86.Build.0 = Release|Any CPU
		{B3652D9B-C372-492A-B23B-EFDA9E3D5C32}.Debug|Any CPU.ActiveCfg = Debug|Any CPU
		{B3652D9B-C372-492A-B23B-EFDA9E3D5C32}.Debug|Any CPU.Build.0 = Debug|Any CPU
		{B3652D9B-C372-492A-B23B-EFDA9E3D5C32}.Debug|x64.ActiveCfg = Debug|Any CPU
		{B3652D9B-C372-492A-B23B-EFDA9E3D5C32}.Debug|x64.Build.0 = Debug|Any CPU
		{B3652D9B-C372-492A-B23B-EFDA9E3D5C32}.Debug|x86.ActiveCfg = Debug|Any CPU
		{B3652D9B-C372-492A-B23B-EFDA9E3D5C32}.Debug|x86.Build.0 = Debug|Any CPU
		{B3652D9B-C372-492A-B23B-EFDA9E3D5C32}.Release|Any CPU.ActiveCfg = Release|Any CPU
		{B3652D9B-C372-492A-B23B-EFDA9E3D5C32}.Release|Any CPU.Build.0 = Release|Any CPU
		{B3652D9B-C372-492A-B23B-EFDA9E3D5C32}.Release|x64.ActiveCfg = Release|Any CPU
		{B3652D9B-C372-492A-B23B-EFDA9E3D5C32}.Release|x64.Build.0 = Release|Any CPU
		{B3652D9B-C372-492A-B23B-EFDA9E3D5C32}.Release|x86.ActiveCfg = Release|Any CPU
		{B3652D9B-C372-492A-B23B-EFDA9E3D5C32}.Release|x86.Build.0 = Release|Any CPU
	EndGlobalSection
EndGlobal
